{
  "name": "@oresoftware/ores-gh-bots",
  "version": "0.1.0",
  "lockfileVersion": 3,
  "requires": true,
  "packages": {
    "": {
      "name": "@oresoftware/ores-gh-bots",
      "version": "0.1.0",
      "license": "MIT",
      "workspaces": [
        "apps/*",
        "packages/*"
      ],
      "engines": {
        "node": ">=22.6.0"
      }
    },
    "apps/cli": {
      "name": "@oresoftware/ores-gh-bots-cli",
      "version": "0.1.0"
    },
    "apps/orchestrator": {
      "name": "@oresoftware/ores-gh-bots-orchestrator",
      "version": "0.1.0"
    },
    "apps/runner": {
      "name": "@oresoftware/ores-gh-bots-runner",
      "version": "0.1.0"
    },
    "node_modules/@oresoftware/gh-bots-core": {
      "resolved": "packages/core",
      "link": true
    },
    "node_modules/@oresoftware/gh-bots-github": {
      "resolved": "packages/github",
      "link": true
    },
    "node_modules/@oresoftware/gh-bots-providers": {
      "resolved": "packages/providers",
      "link": true
    },
    "node_modules/@oresoftware/ores-gh-bots-cli": {
      "resolved": "apps/cli",
      "link": true
    },
    "node_modules/@oresoftware/ores-gh-bots-engine": {
      "resolved": "packages/engine",
      "link": true
    },
    "node_modules/@oresoftware/ores-gh-bots-orchestrator": {
      "resolved": "apps/orchestrator",
      "link": true
    },
    "node_modules/@oresoftware/ores-gh-bots-queue": {
      "resolved": "packages/queue",
      "link": true
    },
    "node_modules/@oresoftware/ores-gh-bots-runner": {
      "resolved": "apps/runner",
      "link": true
    },
    "packages/core": {
      "name": "@oresoftware/gh-bots-core",
      "version": "0.1.0"
    },
    "packages/engine": {
      "name": "@oresoftware/ores-gh-bots-engine",
      "version": "0.1.0"
    },
    "packages/github": {
      "name": "@oresoftware/gh-bots-github",
      "version": "0.1.0"
    },
    "packages/providers": {
      "name": "@oresoftware/gh-bots-providers",
      "version": "0.1.0"
    },
    "packages/queue": {
      "name": "@oresoftware/ores-gh-bots-queue",
      "version": "0.1.0"
    }
  }
}
